
Microsoft Visual Studio Solution File, Format Version 12.00
# Visual Studio Version 16
VisualStudioVersion = 16.0.31112.23
MinimumVisualStudioVersion = 10.0.40219.1
Project("{FAE04EC0-301F-11D3-BF4B-00C04F79EFBC}") = "Libraria", "Libraria\Libraria.csproj", "{03F5C55C-26D4-458C-90F0-982052EC275D}"
EndProject
Project("{FAE04EC0-301F-11D3-BF4B-00C04F79EFBC}") = "Libraria.Data", "Libraria.Data\Libraria.Data.csproj", "{95D61C35-C20B-48B6-960E-B3B07FF12639}"
EndProject
Project("{FAE04EC0-301F-11D3-BF4B-00C04F79EFBC}") = "Libraria.Entity", "Libraria.Entity\Libraria.Entity.csproj", "{624C38BB-9A1E-4366-8459-1C6766F975FA}"
EndProject
Project("{FAE04EC0-301F-11D3-BF4B-00C04F79EFBC}") = "Libraria.Business", "Libraria.Business\Libraria.Business.csproj", "{843608F5-16DE-4A6B-8EC9-48703903A0A0}"
EndProject
Global
	GlobalSection(SolutionConfigurationPlatforms) = preSolution
		Debug|Any CPU = Debug|Any CPU
		Release|Any CPU = Release|Any CPU
	EndGlobalSection
	GlobalSection(ProjectConfigurationPlatforms) = postSolution
		{03F5C55C-26D4-458C-90F0-982052EC275D}.Debug|Any CPU.ActiveCfg = Debug|Any CPU
		{03F5C55C-26D4-458C-90F0-982052EC275D}.Debug|Any CPU.Build.0 = Debug|Any CPU
		{03F5C55C-26D4-458C-90F0-982052EC275D}.Release|Any CPU.ActiveCfg = Release|Any CPU
		{03F5C55C-26D4-458C-90F0-982052EC275D}.Release|Any CPU.Build.0 = Release|Any CPU
		{95D61C35-C20B-48B6-960E-B3B07FF12639}.Debug|Any CPU.ActiveCfg = Debug|Any CPU
		{95D61C35-C20B-48B6-960E-B3B07FF12639}.Debug|Any CPU.Build.0 = Debug|Any CPU
		{95D61C35-C20B-48B6-960E-B3B07FF12639}.Release|Any CPU.ActiveCfg = Release|Any CPU
		{95D61C35-C20B-48B6-960E-B3B07FF12639}.Release|Any CPU.Build.0 = Release|Any CPU
		{624C38BB-9A1E-4366-8459-1C6766F975FA}.Debug|Any CPU.ActiveCfg = Debug|Any CPU
		{624C38BB-9A1E-4366-8459-1C6766F975FA}.Debug|Any CPU.Build.0 = Debug|Any CPU
		{624C38BB-9A1E-4366-8459-1C6766F975FA}.Release|Any CPU.ActiveCfg = Release|Any CPU
		{624C38BB-9A1E-4366-8459-1C6766F975FA}.Release|Any CPU.Build.0 = Release|Any CPU
		{843608F5-16DE-4A6B-8EC9-48703903A0A0}.Debug|Any CPU.ActiveCfg = Debug|Any CPU
		{843608F5-16DE-4A6B-8EC9-48703903A0A0}.Debug|Any CPU.Build.0 = Debug|Any CPU
		{843608F5-16DE-4A6B-8EC9-48703903A0A0}.Release|Any CPU.ActiveCfg = Release|Any CPU
		{843608F5-16DE-4A6B-8EC9-48703903A0A0}.Release|Any CPU.Build.0 = Release|Any CPU
	EndGlobalSection
	GlobalSection(SolutionProperties) = preSolution
		HideSolutionNode = FALSE
	EndGlobalSection
	GlobalSection(ExtensibilityGlobals) = postSolution
		SolutionGuid = {560A56BB-91B8-410A-875E-15013509351D}
	EndGlobalSection
EndGlobal
